
Microsoft Visual Studio Solution File, Format Version 12.00
# Visual Studio Version 16
VisualStudioVersion = 16.0.29215.179
MinimumVisualStudioVersion = 10.0.40219.1
Project("{888888A0-9F3D-457C-B088-3A5042F75D52}") = "dice_roll", "dice_roll\dice_roll.pyproj", "{8A627165-54EE-4862-9279-3914BEBF7E6A}"
EndProject
Global
	GlobalSection(SolutionConfigurationPlatforms) = preSolution
		Debug|Any CPU = Debug|Any CPU
		Release|Any CPU = Release|Any CPU
	EndGlobalSection
	GlobalSection(ProjectConfigurationPlatforms) = postSolution
		{8A627165-54EE-4862-9279-3914BEBF7E6A}.Debug|Any CPU.ActiveCfg = Debug|Any CPU
		{8A627165-54EE-4862-9279-3914BEBF7E6A}.Release|Any CPU.ActiveCfg = Release|Any CPU
	EndGlobalSection
	GlobalSection(SolutionProperties) = preSolution
		HideSolutionNode = FALSE
	EndGlobalSection
	GlobalSection(ExtensibilityGlobals) = postSolution
		SolutionGuid = {0F8A3F45-9B1B-49E9-ABCC-D4EDA55653AF}
	EndGlobalSection
EndGlobal
